
Microsoft Visual Studio Solution File, Format Version 12.00
# Visual Studio Version 17
VisualStudioVersion = 17.4.33403.182
MinimumVisualStudioVersion = 10.0.40219.1
Project("{FAE04EC0-301F-11D3-BF4B-00C04F79EFBC}") = "XS.ModuleForCore", "XS.ModuleForCore\XS.ModuleForCore.csproj", "{DEC08BD0-97EE-41AB-A959-4EACA5F8B6CE}"
EndProject
Global
	GlobalSection(SolutionConfigurationPlatforms) = preSolution
		Debug|Any CPU = Debug|Any CPU
		Release|Any CPU = Release|Any CPU
	EndGlobalSection
	GlobalSection(ProjectConfigurationPlatforms) = postSolution
		{DEC08BD0-97EE-41AB-A959-4EACA5F8B6CE}.Debug|Any CPU.ActiveCfg = Debug|Any CPU
		{DEC08BD0-97EE-41AB-A959-4EACA5F8B6CE}.Debug|Any CPU.Build.0 = Debug|Any CPU
		{DEC08BD0-97EE-41AB-A959-4EACA5F8B6CE}.Release|Any CPU.ActiveCfg = Release|Any CPU
		{DEC08BD0-97EE-41AB-A959-4EACA5F8B6CE}.Release|Any CPU.Build.0 = Release|Any CPU
	EndGlobalSection
	GlobalSection(SolutionProperties) = preSolution
		HideSolutionNode = FALSE
	EndGlobalSection
	GlobalSection(ExtensibilityGlobals) = postSolution
		SolutionGuid = {A5302603-E160-4D2A-BA82-AD078B0FCCAB}
	EndGlobalSection
EndGlobal
